// !$*UTF8*$!
{
	archiveVersion = 1;
	classes = {
	};
	objectVersion = 56;
	objects = {

/* Begin PBXBuildFile section */
		1031923C82BF3AB635A6D8FE /* Pods_RickAndMorty.framework in Frameworks */ = {isa = PBXBuildFile; fileRef = 6BC9EC7D545E86CEEF3C0086 /* Pods_RickAndMorty.framework */; };
		415966D229BB6EB600411C7E /* DetailViewController.swift in Sources */ = {isa = PBXBuildFile; fileRef = 415966D129BB6EB600411C7E /* DetailViewController.swift */; };
		41671E3B29CC439A00CC8027 /* CharacterModel.swift in Sources */ = {isa = PBXBuildFile; fileRef = 41671E3A29CC439A00CC8027 /* CharacterModel.swift */; };
		41671E3D29CC465B00CC8027 /* DetailViewModel.swift in Sources */ = {isa = PBXBuildFile; fileRef = 41671E3C29CC465B00CC8027 /* DetailViewModel.swift */; };
		41671E4029CC468100CC8027 /* CharacterManager.swift in Sources */ = {isa = PBXBuildFile; fileRef = 41671E3F29CC468100CC8027 /* CharacterManager.swift */; };
		41671E4229CC468C00CC8027 /* CharacterHelper.swift in Sources */ = {isa = PBXBuildFile; fileRef = 41671E4129CC468C00CC8027 /* CharacterHelper.swift */; };
		4172D94729B8799A0049DA46 /* AppDelegate.swift in Sources */ = {isa = PBXBuildFile; fileRef = 4172D94629B8799A0049DA46 /* AppDelegate.swift */; };
		4172D94929B8799A0049DA46 /* SceneDelegate.swift in Sources */ = {isa = PBXBuildFile; fileRef = 4172D94829B8799A0049DA46 /* SceneDelegate.swift */; };
		4172D94B29B8799A0049DA46 /* MainViewController.swift in Sources */ = {isa = PBXBuildFile; fileRef = 4172D94A29B8799A0049DA46 /* MainViewController.swift */; };
		4172D94E29B8799A0049DA46 /* Main.storyboard in Resources */ = {isa = PBXBuildFile; fileRef = 4172D94C29B8799A0049DA46 /* Main.storyboard */; };
		4172D95029B8799B0049DA46 /* Assets.xcassets in Resources */ = {isa = PBXBuildFile; fileRef = 4172D94F29B8799B0049DA46 /* Assets.xcassets */; };
		4172D95329B8799B0049DA46 /* LaunchScreen.storyboard in Resources */ = {isa = PBXBuildFile; fileRef = 4172D95129B8799B0049DA46 /* LaunchScreen.storyboard */; };
		41781CB429C5E37C009EE571 /* NetworkManager.swift in Sources */ = {isa = PBXBuildFile; fileRef = 41781CB329C5E37C009EE571 /* NetworkManager.swift */; };
		41781CB629C5E3A2009EE571 /* MainModel.swift in Sources */ = {isa = PBXBuildFile; fileRef = 41781CB529C5E3A2009EE571 /* MainModel.swift */; };
		418ABBB429CE3D2E004E5B4C /* SingleLocationModel.swift in Sources */ = {isa = PBXBuildFile; fileRef = 418ABBB329CE3D2E004E5B4C /* SingleLocationModel.swift */; };
		419DDDFB29BB5DA800051597 /* SplashViewController.swift in Sources */ = {isa = PBXBuildFile; fileRef = 419DDDFA29BB5DA800051597 /* SplashViewController.swift */; };
		41CB698E29C6095E008816C2 /* NetworkHelper.swift in Sources */ = {isa = PBXBuildFile; fileRef = 41CB698D29C6095E008816C2 /* NetworkHelper.swift */; };
		41CB699029C60B60008816C2 /* HomeManager.swift in Sources */ = {isa = PBXBuildFile; fileRef = 41CB698F29C60B60008816C2 /* HomeManager.swift */; };
		41CB699229C60B69008816C2 /* HomeHelper.swift in Sources */ = {isa = PBXBuildFile; fileRef = 41CB699129C60B69008816C2 /* HomeHelper.swift */; };
		41CB699429C60C85008816C2 /* MainViewModel.swift in Sources */ = {isa = PBXBuildFile; fileRef = 41CB699329C60C85008816C2 /* MainViewModel.swift */; };
		41CB699729C65E91008816C2 /* UIImageView+Extension.swift in Sources */ = {isa = PBXBuildFile; fileRef = 41CB699629C65E91008816C2 /* UIImageView+Extension.swift */; };
		41CB699929C65EC0008816C2 /* UITableView+Extension.swift in Sources */ = {isa = PBXBuildFile; fileRef = 41CB699829C65EC0008816C2 /* UITableView+Extension.swift */; };
		41CB699B29C65EF8008816C2 /* UIViewController+Extension.swift in Sources */ = {isa = PBXBuildFile; fileRef = 41CB699A29C65EF8008816C2 /* UIViewController+Extension.swift */; };
		41CB699D29C65F30008816C2 /* UICollectionView+Extension.swift in Sources */ = {isa = PBXBuildFile; fileRef = 41CB699C29C65F30008816C2 /* UICollectionView+Extension.swift */; };
		41CB699F29C65F4D008816C2 /* NibProtocol.swift in Sources */ = {isa = PBXBuildFile; fileRef = 41CB699E29C65F4D008816C2 /* NibProtocol.swift */; };
		41CB69A129C65F6A008816C2 /* AlertViewHelper.swift in Sources */ = {isa = PBXBuildFile; fileRef = 41CB69A029C65F6A008816C2 /* AlertViewHelper.swift */; };
		41CB69A329C66006008816C2 /* Fonts.swift in Sources */ = {isa = PBXBuildFile; fileRef = 41CB69A229C66006008816C2 /* Fonts.swift */; };
		41CB69AF29C67E1D008816C2 /* VerticalCollectionViewCell.swift in Sources */ = {isa = PBXBuildFile; fileRef = 41CB69AD29C67E1D008816C2 /* VerticalCollectionViewCell.swift */; };
		41CB69B029C67E1D008816C2 /* VerticalCollectionViewCell.xib in Resources */ = {isa = PBXBuildFile; fileRef = 41CB69AE29C67E1D008816C2 /* VerticalCollectionViewCell.xib */; };
		41CB69B329C67E6A008816C2 /* HorizontalCollectionViewCell.swift in Sources */ = {isa = PBXBuildFile; fileRef = 41CB69B129C67E6A008816C2 /* HorizontalCollectionViewCell.swift */; };
		41CB69B429C67E6A008816C2 /* HorizontalCollectionViewCell.xib in Resources */ = {isa = PBXBuildFile; fileRef = 41CB69B229C67E6A008816C2 /* HorizontalCollectionViewCell.xib */; };
/* End PBXBuildFile section */

/* Begin PBXFileReference section */
		415966D129BB6EB600411C7E /* DetailViewController.swift */ = {isa = PBXFileReference; lastKnownFileType = sourcecode.swift; path = DetailViewController.swift; sourceTree = "<group>"; };
		41671E3A29CC439A00CC8027 /* CharacterModel.swift */ = {isa = PBXFileReference; lastKnownFileType = sourcecode.swift; path = CharacterModel.swift; sourceTree = "<group>"; };
		41671E3C29CC465B00CC8027 /* DetailViewModel.swift */ = {isa = PBXFileReference; lastKnownFileType = sourcecode.swift; path = DetailViewModel.swift; sourceTree = "<group>"; };
		41671E3F29CC468100CC8027 /* CharacterManager.swift */ = {isa = PBXFileReference; lastKnownFileType = sourcecode.swift; path = CharacterManager.swift; sourceTree = "<group>"; };
		41671E4129CC468C00CC8027 /* CharacterHelper.swift */ = {isa = PBXFileReference; lastKnownFileType = sourcecode.swift; path = CharacterHelper.swift; sourceTree = "<group>"; };
		4172D94329B8799A0049DA46 /* RickAndMorty.app */ = {isa = PBXFileReference; explicitFileType = wrapper.application; includeInIndex = 0; path = RickAndMorty.app; sourceTree = BUILT_PRODUCTS_DIR; };
		4172D94629B8799A0049DA46 /* AppDelegate.swift */ = {isa = PBXFileReference; lastKnownFileType = sourcecode.swift; path = AppDelegate.swift; sourceTree = "<group>"; };
		4172D94829B8799A0049DA46 /* SceneDelegate.swift */ = {isa = PBXFileReference; lastKnownFileType = sourcecode.swift; path = SceneDelegate.swift; sourceTree = "<group>"; };
		4172D94A29B8799A0049DA46 /* MainViewController.swift */ = {isa = PBXFileReference; lastKnownFileType = sourcecode.swift; path = MainViewController.swift; sourceTree = "<group>"; };
		4172D94D29B8799A0049DA46 /* Base */ = {isa = PBXFileReference; lastKnownFileType = file.storyboard; name = Base; path = Base.lproj/Main.storyboard; sourceTree = "<group>"; };
		4172D94F29B8799B0049DA46 /* Assets.xcassets */ = {isa = PBXFileReference; lastKnownFileType = folder.assetcatalog; path = Assets.xcassets; sourceTree = "<group>"; };
		4172D95229B8799B0049DA46 /* Base */ = {isa = PBXFileReference; lastKnownFileType = file.storyboard; name = Base; path = Base.lproj/LaunchScreen.storyboard; sourceTree = "<group>"; };
		4172D95429B8799B0049DA46 /* Info.plist */ = {isa = PBXFileReference; lastKnownFileType = text.plist.xml; path = Info.plist; sourceTree = "<group>"; };
		41781CB329C5E37C009EE571 /* NetworkManager.swift */ = {isa = PBXFileReference; lastKnownFileType = sourcecode.swift; path = NetworkManager.swift; sourceTree = "<group>"; };
		41781CB529C5E3A2009EE571 /* MainModel.swift */ = {isa = PBXFileReference; lastKnownFileType = sourcecode.swift; path = MainModel.swift; sourceTree = "<group>"; };
		418ABBB329CE3D2E004E5B4C /* SingleLocationModel.swift */ = {isa = PBXFileReference; lastKnownFileType = sourcecode.swift; path = SingleLocationModel.swift; sourceTree = "<group>"; };
		419DDDFA29BB5DA800051597 /* SplashViewController.swift */ = {isa = PBXFileReference; lastKnownFileType = sourcecode.swift; path = SplashViewController.swift; sourceTree = "<group>"; };
		41CB698D29C6095E008816C2 /* NetworkHelper.swift */ = {isa = PBXFileReference; lastKnownFileType = sourcecode.swift; path = NetworkHelper.swift; sourceTree = "<group>"; };
		41CB698F29C60B60008816C2 /* HomeManager.swift */ = {isa = PBXFileReference; lastKnownFileType = sourcecode.swift; path = HomeManager.swift; sourceTree = "<group>"; };
		41CB699129C60B69008816C2 /* HomeHelper.swift */ = {isa = PBXFileReference; lastKnownFileType = sourcecode.swift; path = HomeHelper.swift; sourceTree = "<group>"; };
		41CB699329C60C85008816C2 /* MainViewModel.swift */ = {isa = PBXFileReference; lastKnownFileType = sourcecode.swift; path = MainViewModel.swift; sourceTree = "<group>"; };
		41CB699629C65E91008816C2 /* UIImageView+Extension.swift */ = {isa = PBXFileReference; lastKnownFileType = sourcecode.swift; path = "UIImageView+Extension.swift"; sourceTree = "<group>"; };
		41CB699829C65EC0008816C2 /* UITableView+Extension.swift */ = {isa = PBXFileReference; lastKnownFileType = sourcecode.swift; path = "UITableView+Extension.swift"; sourceTree = "<group>"; };
		41CB699A29C65EF8008816C2 /* UIViewController+Extension.swift */ = {isa = PBXFileReference; lastKnownFileType = sourcecode.swift; path = "UIViewController+Extension.swift"; sourceTree = "<group>"; };
		41CB699C29C65F30008816C2 /* UICollectionView+Extension.swift */ = {isa = PBXFileReference; lastKnownFileType = sourcecode.swift; path = "UICollectionView+Extension.swift"; sourceTree = "<group>"; };
		41CB699E29C65F4D008816C2 /* NibProtocol.swift */ = {isa = PBXFileReference; lastKnownFileType = sourcecode.swift; path = NibProtocol.swift; sourceTree = "<group>"; };
		41CB69A029C65F6A008816C2 /* AlertViewHelper.swift */ = {isa = PBXFileReference; lastKnownFileType = sourcecode.swift; path = AlertViewHelper.swift; sourceTree = "<group>"; };
		41CB69A229C66006008816C2 /* Fonts.swift */ = {isa = PBXFileReference; lastKnownFileType = sourcecode.swift; path = Fonts.swift; sourceTree = "<group>"; };
		41CB69AD29C67E1D008816C2 /* VerticalCollectionViewCell.swift */ = {isa = PBXFileReference; lastKnownFileType = sourcecode.swift; path = VerticalCollectionViewCell.swift; sourceTree = "<group>"; };
		41CB69AE29C67E1D008816C2 /* VerticalCollectionViewCell.xib */ = {isa = PBXFileReference; lastKnownFileType = file.xib; path = VerticalCollectionViewCell.xib; sourceTree = "<group>"; };
		41CB69B129C67E6A008816C2 /* HorizontalCollectionViewCell.swift */ = {isa = PBXFileReference; lastKnownFileType = sourcecode.swift; path = HorizontalCollectionViewCell.swift; sourceTree = "<group>"; };
		41CB69B229C67E6A008816C2 /* HorizontalCollectionViewCell.xib */ = {isa = PBXFileReference; lastKnownFileType = file.xib; path = HorizontalCollectionViewCell.xib; sourceTree = "<group>"; };
		60F73B9C65C6E15EB59A06BC /* Pods-RickAndMorty.debug.xcconfig */ = {isa = PBXFileReference; includeInIndex = 1; lastKnownFileType = text.xcconfig; name = "Pods-RickAndMorty.debug.xcconfig"; path = "Target Support Files/Pods-RickAndMorty/Pods-RickAndMorty.debug.xcconfig"; sourceTree = "<group>"; };
		6BC9EC7D545E86CEEF3C0086 /* Pods_RickAndMorty.framework */ = {isa = PBXFileReference; explicitFileType = wrapper.framework; includeInIndex = 0; path = Pods_RickAndMorty.framework; sourceTree = BUILT_PRODUCTS_DIR; };
		9F0BD6EAF48FBA21C66E2BA0 /* Pods-RickAndMorty.release.xcconfig */ = {isa = PBXFileReference; includeInIndex = 1; lastKnownFileType = text.xcconfig; name = "Pods-RickAndMorty.release.xcconfig"; path = "Target Support Files/Pods-RickAndMorty/Pods-RickAndMorty.release.xcconfig"; sourceTree = "<group>"; };
/* End PBXFileReference section */

/* Begin PBXFrameworksBuildPhase section */
		4172D94029B8799A0049DA46 /* Frameworks */ = {
			isa = PBXFrameworksBuildPhase;
			buildActionMask = 2147483647;
			files = (
				1031923C82BF3AB635A6D8FE /* Pods_RickAndMorty.framework in Frameworks */,
			);
			runOnlyForDeploymentPostprocessing = 0;
		};
/* End PBXFrameworksBuildPhase section */

/* Begin PBXGroup section */
		415966CA29BB6E3900411C7E /* ViewModel */ = {
			isa = PBXGroup;
			children = (
				41CB699329C60C85008816C2 /* MainViewModel.swift */,
			);
			path = ViewModel;
			sourceTree = "<group>";
		};
		415966CB29BB6E4300411C7E /* View */ = {
			isa = PBXGroup;
			children = (
				4172D94A29B8799A0049DA46 /* MainViewController.swift */,
				415966D329BB80C400411C7E /* Cells */,
			);
			path = View;
			sourceTree = "<group>";
		};
		415966CC29BB6E4900411C7E /* Model */ = {
			isa = PBXGroup;
			children = (
				41781CB529C5E3A2009EE571 /* MainModel.swift */,
				418ABBB329CE3D2E004E5B4C /* SingleLocationModel.swift */,
			);
			path = Model;
			sourceTree = "<group>";
		};
		415966CD29BB6E5100411C7E /* ViewModel */ = {
			isa = PBXGroup;
			children = (
				415966D129BB6EB600411C7E /* DetailViewController.swift */,
			);
			path = ViewModel;
			sourceTree = "<group>";
		};
		415966CE29BB6E5A00411C7E /* View */ = {
			isa = PBXGroup;
			children = (
				41671E3C29CC465B00CC8027 /* DetailViewModel.swift */,
			);
			path = View;
			sourceTree = "<group>";
		};
		415966D329BB80C400411C7E /* Cells */ = {
			isa = PBXGroup;
			children = (
				41CB69AD29C67E1D008816C2 /* VerticalCollectionViewCell.swift */,
				41CB69AE29C67E1D008816C2 /* VerticalCollectionViewCell.xib */,
				41CB69B129C67E6A008816C2 /* HorizontalCollectionViewCell.swift */,
				41CB69B229C67E6A008816C2 /* HorizontalCollectionViewCell.xib */,
			);
			path = Cells;
			sourceTree = "<group>";
		};
		41671E3929CC438D00CC8027 /* Model */ = {
			isa = PBXGroup;
			children = (
				41671E3A29CC439A00CC8027 /* CharacterModel.swift */,
			);
			path = Model;
			sourceTree = "<group>";
		};
		41671E3E29CC466B00CC8027 /* Detail */ = {
			isa = PBXGroup;
			children = (
				41671E4129CC468C00CC8027 /* CharacterHelper.swift */,
				41671E3F29CC468100CC8027 /* CharacterManager.swift */,
			);
			path = Detail;
			sourceTree = "<group>";
		};
		4172D93A29B8799A0049DA46 = {
			isa = PBXGroup;
			children = (
				4172D94529B8799A0049DA46 /* RickAndMorty */,
				4172D94429B8799A0049DA46 /* Products */,
				D28E5100CE7ABF25AA9F975D /* Pods */,
				9369F28F3D5CCA6D0EE1E7EF /* Frameworks */,
			);
			sourceTree = "<group>";
		};
		4172D94429B8799A0049DA46 /* Products */ = {
			isa = PBXGroup;
			children = (
				4172D94329B8799A0049DA46 /* RickAndMorty.app */,
			);
			name = Products;
			sourceTree = "<group>";
		};
		4172D94529B8799A0049DA46 /* RickAndMorty */ = {
			isa = PBXGroup;
			children = (
				4172D95C29B879DC0049DA46 /* Helper */,
				4172D95B29B879CB0049DA46 /* Network */,
				4172D95A29B879BD0049DA46 /* Scene */,
				4172D94629B8799A0049DA46 /* AppDelegate.swift */,
				4172D94829B8799A0049DA46 /* SceneDelegate.swift */,
				4172D94C29B8799A0049DA46 /* Main.storyboard */,
				4172D94F29B8799B0049DA46 /* Assets.xcassets */,
				4172D95129B8799B0049DA46 /* LaunchScreen.storyboard */,
				4172D95429B8799B0049DA46 /* Info.plist */,
			);
			path = RickAndMorty;
			sourceTree = "<group>";
		};
		4172D95A29B879BD0049DA46 /* Scene */ = {
			isa = PBXGroup;
			children = (
				41C1D29B29BA019800357B3E /* Main */,
				41C1D29C29BA01B900357B3E /* Detail */,
				41C1D29A29BA017A00357B3E /* Splash */,
			);
			path = Scene;
			sourceTree = "<group>";
		};
		4172D95B29B879CB0049DA46 /* Network */ = {
			isa = PBXGroup;
			children = (
				41671E3E29CC466B00CC8027 /* Detail */,
				41CB698B29C6092A008816C2 /* Core */,
				41CB698C29C60940008816C2 /* Main */,
			);
			path = Network;
			sourceTree = "<group>";
		};
		4172D95C29B879DC0049DA46 /* Helper */ = {
			isa = PBXGroup;
			children = (
				41CB699529C65E72008816C2 /* Extension */,
				41CB699E29C65F4D008816C2 /* NibProtocol.swift */,
				41CB69A029C65F6A008816C2 /* AlertViewHelper.swift */,
				41CB69A229C66006008816C2 /* Fonts.swift */,
			);
			path = Helper;
			sourceTree = "<group>";
		};
		41C1D29A29BA017A00357B3E /* Splash */ = {
			isa = PBXGroup;
			children = (
				419DDDFA29BB5DA800051597 /* SplashViewController.swift */,
			);
			path = Splash;
			sourceTree = "<group>";
		};
		41C1D29B29BA019800357B3E /* Main */ = {
			isa = PBXGroup;
			children = (
				415966CA29BB6E3900411C7E /* ViewModel */,
				415966CC29BB6E4900411C7E /* Model */,
				415966CB29BB6E4300411C7E /* View */,
			);
			path = Main;
			sourceTree = "<group>";
		};
		41C1D29C29BA01B900357B3E /* Detail */ = {
			isa = PBXGroup;
			children = (
				41671E3929CC438D00CC8027 /* Model */,
				415966CE29BB6E5A00411C7E /* View */,
				415966CD29BB6E5100411C7E /* ViewModel */,
			);
			path = Detail;
			sourceTree = "<group>";
		};
		41CB698B29C6092A008816C2 /* Core */ = {
			isa = PBXGroup;
			children = (
				41CB698D29C6095E008816C2 /* NetworkHelper.swift */,
				41781CB329C5E37C009EE571 /* NetworkManager.swift */,
			);
			path = Core;
			sourceTree = "<group>";
		};
		41CB698C29C60940008816C2 /* Main */ = {
			isa = PBXGroup;
			children = (
				41CB699129C60B69008816C2 /* HomeHelper.swift */,
				41CB698F29C60B60008816C2 /* HomeManager.swift */,
			);
			path = Main;
			sourceTree = "<group>";
		};
		41CB699529C65E72008816C2 /* Extension */ = {
			isa = PBXGroup;
			children = (
				41CB699629C65E91008816C2 /* UIImageView+Extension.swift */,
				41CB699829C65EC0008816C2 /* UITableView+Extension.swift */,
				41CB699A29C65EF8008816C2 /* UIViewController+Extension.swift */,
				41CB699C29C65F30008816C2 /* UICollectionView+Extension.swift */,
			);
			path = Extension;
			sourceTree = "<group>";
		};
		9369F28F3D5CCA6D0EE1E7EF /* Frameworks */ = {
			isa = PBXGroup;
			children = (
				6BC9EC7D545E86CEEF3C0086 /* Pods_RickAndMorty.framework */,
			);
			name = Frameworks;
			sourceTree = "<group>";
		};
		D28E5100CE7ABF25AA9F975D /* Pods */ = {
			isa = PBXGroup;
			children = (
				60F73B9C65C6E15EB59A06BC /* Pods-RickAndMorty.debug.xcconfig */,
				9F0BD6EAF48FBA21C66E2BA0 /* Pods-RickAndMorty.release.xcconfig */,
			);
			path = Pods;
			sourceTree = "<group>";
		};
/* End PBXGroup section */

/* Begin PBXNativeTarget section */
		4172D94229B8799A0049DA46 /* RickAndMorty */ = {
			isa = PBXNativeTarget;
			buildConfigurationList = 4172D95729B8799B0049DA46 /* Build configuration list for PBXNativeTarget "RickAndMorty" */;
			buildPhases = (
				D52509EEA6E5D7CA6A5FCFC4 /* [CP] Check Pods Manifest.lock */,
				4172D93F29B8799A0049DA46 /* Sources */,
				4172D94029B8799A0049DA46 /* Frameworks */,
				4172D94129B8799A0049DA46 /* Resources */,
				A9A63DA32743881C2CF7F130 /* [CP] Embed Pods Frameworks */,
			);
			buildRules = (
			);
			dependencies = (
			);
			name = RickAndMorty;
			productName = RickAndMorty;
			productReference = 4172D94329B8799A0049DA46 /* RickAndMorty.app */;
			productType = "com.apple.product-type.application";
		};
/* End PBXNativeTarget section */

/* Begin PBXProject section */
		4172D93B29B8799A0049DA46 /* Project object */ = {
			isa = PBXProject;
			attributes = {
				BuildIndependentTargetsInParallel = 1;
				LastSwiftUpdateCheck = 1420;
				LastUpgradeCheck = 1420;
				TargetAttributes = {
					4172D94229B8799A0049DA46 = {
						CreatedOnToolsVersion = 14.2;
					};
				};
			};
			buildConfigurationList = 4172D93E29B8799A0049DA46 /* Build configuration list for PBXProject "RickAndMorty" */;
			compatibilityVersion = "Xcode 14.0";
			developmentRegion = en;
			hasScannedForEncodings = 0;
			knownRegions = (
				en,
				Base,
			);
			mainGroup = 4172D93A29B8799A0049DA46;
			productRefGroup = 4172D94429B8799A0049DA46 /* Products */;
			projectDirPath = "";
			projectRoot = "";
			targets = (
				4172D94229B8799A0049DA46 /* RickAndMorty */,
			);
		};
/* End PBXProject section */

/* Begin PBXResourcesBuildPhase section */
		4172D94129B8799A0049DA46 /* Resources */ = {
			isa = PBXResourcesBuildPhase;
			buildActionMask = 2147483647;
			files = (
				41CB69B429C67E6A008816C2 /* HorizontalCollectionViewCell.xib in Resources */,
				41CB69B029C67E1D008816C2 /* VerticalCollectionViewCell.xib in Resources */,
				4172D95329B8799B0049DA46 /* LaunchScreen.storyboard in Resources */,
				4172D95029B8799B0049DA46 /* Assets.xcassets in Resources */,
				4172D94E29B8799A0049DA46 /* Main.storyboard in Resources */,
			);
			runOnlyForDeploymentPostprocessing = 0;
		};
/* End PBXResourcesBuildPhase section */

/* Begin PBXShellScriptBuildPhase section */
		A9A63DA32743881C2CF7F130 /* [CP] Embed Pods Frameworks */ = {
			isa = PBXShellScriptBuildPhase;
			buildActionMask = 2147483647;
			files = (
			);
			inputFileListPaths = (
				"${PODS_ROOT}/Target Support Files/Pods-RickAndMorty/Pods-RickAndMorty-frameworks-${CONFIGURATION}-input-files.xcfilelist",
			);
			name = "[CP] Embed Pods Frameworks";
			outputFileListPaths = (
				"${PODS_ROOT}/Target Support Files/Pods-RickAndMorty/Pods-RickAndMorty-frameworks-${CONFIGURATION}-output-files.xcfilelist",
			);
			runOnlyForDeploymentPostprocessing = 0;
			shellPath = /bin/sh;
			shellScript = "\"${PODS_ROOT}/Target Support Files/Pods-RickAndMorty/Pods-RickAndMorty-frameworks.sh\"\n";
			showEnvVarsInLog = 0;
		};
		D52509EEA6E5D7CA6A5FCFC4 /* [CP] Check Pods Manifest.lock */ = {
			isa = PBXShellScriptBuildPhase;
			buildActionMask = 2147483647;
			files = (
			);
			inputFileListPaths = (
			);
			inputPaths = (
				"${PODS_PODFILE_DIR_PATH}/Podfile.lock",
				"${PODS_ROOT}/Manifest.lock",
			);
			name = "[CP] Check Pods Manifest.lock";
			outputFileListPaths = (
			);
			outputPaths = (
				"$(DERIVED_FILE_DIR)/Pods-RickAndMorty-checkManifestLockResult.txt",
			);
			runOnlyForDeploymentPostprocessing = 0;
			shellPath = /bin/sh;
			shellScript = "diff \"${PODS_PODFILE_DIR_PATH}/Podfile.lock\" \"${PODS_ROOT}/Manifest.lock\" > /dev/null\nif [ $? != 0 ] ; then\n    # print error to STDERR\n    echo \"error: The sandbox is not in sync with the Podfile.lock. Run 'pod install' or update your CocoaPods installation.\" >&2\n    exit 1\nfi\n# This output is used by Xcode 'outputs' to avoid re-running this script phase.\necho \"SUCCESS\" > \"${SCRIPT_OUTPUT_FILE_0}\"\n";
			showEnvVarsInLog = 0;
		};
/* End PBXShellScriptBuildPhase section */

/* Begin PBXSourcesBuildPhase section */
		4172D93F29B8799A0049DA46 /* Sources */ = {
			isa = PBXSourcesBuildPhase;
			buildActionMask = 2147483647;
			files = (
				418ABBB429CE3D2E004E5B4C /* SingleLocationModel.swift in Sources */,
				41CB699B29C65EF8008816C2 /* UIViewController+Extension.swift in Sources */,
				41671E4029CC468100CC8027 /* CharacterManager.swift in Sources */,
				41CB699029C60B60008816C2 /* HomeManager.swift in Sources */,
				4172D94B29B8799A0049DA46 /* MainViewController.swift in Sources */,
				41CB699929C65EC0008816C2 /* UITableView+Extension.swift in Sources */,
				41CB69AF29C67E1D008816C2 /* VerticalCollectionViewCell.swift in Sources */,
				41CB699729C65E91008816C2 /* UIImageView+Extension.swift in Sources */,
				4172D94729B8799A0049DA46 /* AppDelegate.swift in Sources */,
				41CB698E29C6095E008816C2 /* NetworkHelper.swift in Sources */,
				415966D229BB6EB600411C7E /* DetailViewController.swift in Sources */,
				41671E3D29CC465B00CC8027 /* DetailViewModel.swift in Sources */,
				41CB699429C60C85008816C2 /* MainViewModel.swift in Sources */,
				41CB69B329C67E6A008816C2 /* HorizontalCollectionViewCell.swift in Sources */,
				4172D94929B8799A0049DA46 /* SceneDelegate.swift in Sources */,
				41671E3B29CC439A00CC8027 /* CharacterModel.swift in Sources */,
				41781CB429C5E37C009EE571 /* NetworkManager.swift in Sources */,
				41781CB629C5E3A2009EE571 /* MainModel.swift in Sources */,
				41CB699229C60B69008816C2 /* HomeHelper.swift in Sources */,
				41CB69A129C65F6A008816C2 /* AlertViewHelper.swift in Sources */,
				41CB69A329C66006008816C2 /* Fonts.swift in Sources */,
				419DDDFB29BB5DA800051597 /* SplashViewController.swift in Sources */,
				41671E4229CC468C00CC8027 /* CharacterHelper.swift in Sources */,
				41CB699D29C65F30008816C2 /* UICollectionView+Extension.swift in Sources */,
				41CB699F29C65F4D008816C2 /* NibProtocol.swift in Sources */,
			);
			runOnlyForDeploymentPostprocessing = 0;
		};
/* End PBXSourcesBuildPhase section */

/* Begin PBXVariantGroup section */
		4172D94C29B8799A0049DA46 /* Main.storyboard */ = {
			isa = PBXVariantGroup;
			children = (
				4172D94D29B8799A0049DA46 /* Base */,
			);
			name = Main.storyboard;
			sourceTree = "<group>";
		};
		4172D95129B8799B0049DA46 /* LaunchScreen.storyboard */ = {
			isa = PBXVariantGroup;
			children = (
				4172D95229B8799B0049DA46 /* Base */,
			);
			name = LaunchScreen.storyboard;
			sourceTree = "<group>";
		};
/* End PBXVariantGroup section */

/* Begin XCBuildConfiguration section */
		4172D95529B8799B0049DA46 /* Debug */ = {
			isa = XCBuildConfiguration;
			buildSettings = {
				ALWAYS_SEARCH_USER_PATHS = NO;
				CLANG_ANALYZER_NONNULL = YES;
				CLANG_ANALYZER_NUMBER_OBJECT_CONVERSION = YES_AGGRESSIVE;
				CLANG_CXX_LANGUAGE_STANDARD = "gnu++20";
				CLANG_ENABLE_MODULES = YES;
				CLANG_ENABLE_OBJC_ARC = YES;
				CLANG_ENABLE_OBJC_WEAK = YES;
				CLANG_WARN_BLOCK_CAPTURE_AUTORELEASING = YES;
				CLANG_WARN_BOOL_CONVERSION = YES;
				CLANG_WARN_COMMA = YES;
				CLANG_WARN_CONSTANT_CONVERSION = YES;
				CLANG_WARN_DEPRECATED_OBJC_IMPLEMENTATIONS = YES;
				CLANG_WARN_DIRECT_OBJC_ISA_USAGE = YES_ERROR;
				CLANG_WARN_DOCUMENTATION_COMMENTS = YES;
				CLANG_WARN_EMPTY_BODY = YES;
				CLANG_WARN_ENUM_CONVERSION = YES;
				CLANG_WARN_INFINITE_RECURSION = YES;
				CLANG_WARN_INT_CONVERSION = YES;
				CLANG_WARN_NON_LITERAL_NULL_CONVERSION = YES;
				CLANG_WARN_OBJC_IMPLICIT_RETAIN_SELF = YES;
				CLANG_WARN_OBJC_LITERAL_CONVERSION = YES;
				CLANG_WARN_OBJC_ROOT_CLASS = YES_ERROR;
				CLANG_WARN_QUOTED_INCLUDE_IN_FRAMEWORK_HEADER = YES;
				CLANG_WARN_RANGE_LOOP_ANALYSIS = YES;
				CLANG_WARN_STRICT_PROTOTYPES = YES;
				CLANG_WARN_SUSPICIOUS_MOVE = YES;
				CLANG_WARN_UNGUARDED_AVAILABILITY = YES_AGGRESSIVE;
				CLANG_WARN_UNREACHABLE_CODE = YES;
				CLANG_WARN__DUPLICATE_METHOD_MATCH = YES;
				COPY_PHASE_STRIP = NO;
				DEBUG_INFORMATION_FORMAT = dwarf;
				ENABLE_STRICT_OBJC_MSGSEND = YES;
				ENABLE_TESTABILITY = YES;
				GCC_C_LANGUAGE_STANDARD = gnu11;
				GCC_DYNAMIC_NO_PIC = NO;
				GCC_NO_COMMON_BLOCKS = YES;
				GCC_OPTIMIZATION_LEVEL = 0;
				GCC_PREPROCESSOR_DEFINITIONS = (
					"DEBUG=1",
					"$(inherited)",
				);
				GCC_WARN_64_TO_32_BIT_CONVERSION = YES;
				GCC_WARN_ABOUT_RETURN_TYPE = YES_ERROR;
				GCC_WARN_UNDECLARED_SELECTOR = YES;
				GCC_WARN_UNINITIALIZED_AUTOS = YES_AGGRESSIVE;
				GCC_WARN_UNUSED_FUNCTION = YES;
				GCC_WARN_UNUSED_VARIABLE = YES;
				IPHONEOS_DEPLOYMENT_TARGET = 16.2;
				MTL_ENABLE_DEBUG_INFO = INCLUDE_SOURCE;
				MTL_FAST_MATH = YES;
				ONLY_ACTIVE_ARCH = YES;
				SDKROOT = iphoneos;
				SWIFT_ACTIVE_COMPILATION_CONDITIONS = DEBUG;
				SWIFT_OPTIMIZATION_LEVEL = "-Onone";
			};
			name = Debug;
		};
		4172D95629B8799B0049DA46 /* Release */ = {
			isa = XCBuildConfiguration;
			buildSettings = {
				ALWAYS_SEARCH_USER_PATHS = NO;
				CLANG_ANALYZER_NONNULL = YES;
				CLANG_ANALYZER_NUMBER_OBJECT_CONVERSION = YES_AGGRESSIVE;
				CLANG_CXX_LANGUAGE_STANDARD = "gnu++20";
				CLANG_ENABLE_MODULES = YES;
				CLANG_ENABLE_OBJC_ARC = YES;
				CLANG_ENABLE_OBJC_WEAK = YES;
				CLANG_WARN_BLOCK_CAPTURE_AUTORELEASING = YES;
				CLANG_WARN_BOOL_CONVERSION = YES;
				CLANG_WARN_COMMA = YES;
				CLANG_WARN_CONSTANT_CONVERSION = YES;
				CLANG_WARN_DEPRECATED_OBJC_IMPLEMENTATIONS = YES;
				CLANG_WARN_DIRECT_OBJC_ISA_USAGE = YES_ERROR;
				CLANG_WARN_DOCUMENTATION_COMMENTS = YES;
				CLANG_WARN_EMPTY_BODY = YES;
				CLANG_WARN_ENUM_CONVERSION = YES;
				CLANG_WARN_INFINITE_RECURSION = YES;
				CLANG_WARN_INT_CONVERSION = YES;
				CLANG_WARN_NON_LITERAL_NULL_CONVERSION = YES;
				CLANG_WARN_OBJC_IMPLICIT_RETAIN_SELF = YES;
				CLANG_WARN_OBJC_LITERAL_CONVERSION = YES;
				CLANG_WARN_OBJC_ROOT_CLASS = YES_ERROR;
				CLANG_WARN_QUOTED_INCLUDE_IN_FRAMEWORK_HEADER = YES;
				CLANG_WARN_RANGE_LOOP_ANALYSIS = YES;
				CLANG_WARN_STRICT_PROTOTYPES = YES;
				CLANG_WARN_SUSPICIOUS_MOVE = YES;
				CLANG_WARN_UNGUARDED_AVAILABILITY = YES_AGGRESSIVE;
				CLANG_WARN_UNREACHABLE_CODE = YES;
				CLANG_WARN__DUPLICATE_METHOD_MATCH = YES;
				COPY_PHASE_STRIP = NO;
				DEBUG_INFORMATION_FORMAT = "dwarf-with-dsym";
				ENABLE_NS_ASSERTIONS = NO;
				ENABLE_STRICT_OBJC_MSGSEND = YES;
				GCC_C_LANGUAGE_STANDARD = gnu11;
				GCC_NO_COMMON_BLOCKS = YES;
				GCC_WARN_64_TO_32_BIT_CONVERSION = YES;
				GCC_WARN_ABOUT_RETURN_TYPE = YES_ERROR;
				GCC_WARN_UNDECLARED_SELECTOR = YES;
				GCC_WARN_UNINITIALIZED_AUTOS = YES_AGGRESSIVE;
				GCC_WARN_UNUSED_FUNCTION = YES;
				GCC_WARN_UNUSED_VARIABLE = YES;
				IPHONEOS_DEPLOYMENT_TARGET = 16.2;
				MTL_ENABLE_DEBUG_INFO = NO;
				MTL_FAST_MATH = YES;
				SDKROOT = iphoneos;
				SWIFT_COMPILATION_MODE = wholemodule;
				SWIFT_OPTIMIZATION_LEVEL = "-O";
				VALIDATE_PRODUCT = YES;
			};
			name = Release;
		};
		4172D95829B8799B0049DA46 /* Debug */ = {
			isa = XCBuildConfiguration;
			baseConfigurationReference = 60F73B9C65C6E15EB59A06BC /* Pods-RickAndMorty.debug.xcconfig */;
			buildSettings = {
				ASSETCATALOG_COMPILER_APPICON_NAME = AppIcon;
				ASSETCATALOG_COMPILER_GLOBAL_ACCENT_COLOR_NAME = AccentColor;
				CODE_SIGN_STYLE = Automatic;
				CURRENT_PROJECT_VERSION = 1;
				DEVELOPMENT_TEAM = ZAFK6J8VYM;
				GENERATE_INFOPLIST_FILE = YES;
				INFOPLIST_FILE = RickAndMorty/Info.plist;
				INFOPLIST_KEY_UIApplicationSupportsIndirectInputEvents = YES;
				INFOPLIST_KEY_UILaunchStoryboardName = LaunchScreen;
				INFOPLIST_KEY_UIMainStoryboardFile = Main;
				INFOPLIST_KEY_UISupportedInterfaceOrientations_iPad = "UIInterfaceOrientationPortrait UIInterfaceOrientationPortraitUpsideDown UIInterfaceOrientationLandscapeLeft UIInterfaceOrientationLandscapeRight";
				INFOPLIST_KEY_UISupportedInterfaceOrientations_iPhone = "UIInterfaceOrientationPortrait UIInterfaceOrientationLandscapeLeft UIInterfaceOrientationLandscapeRight";
				LD_RUNPATH_SEARCH_PATHS = (
					"$(inherited)",
					"@executable_path/Frameworks",
				);
				MARKETING_VERSION = 1.0;
				PRODUCT_BUNDLE_IDENTIFIER = com.mertpolat.RickAndMorty;
				PRODUCT_NAME = "$(TARGET_NAME)";
				SWIFT_EMIT_LOC_STRINGS = YES;
				SWIFT_VERSION = 5.0;
				TARGETED_DEVICE_FAMILY = "1,2";
			};
			name = Debug;
		};
		4172D95929B8799B0049DA46 /* Release */ = {
			isa = XCBuildConfiguration;
			baseConfigurationReference = 9F0BD6EAF48FBA21C66E2BA0 /* Pods-RickAndMorty.release.xcconfig */;
			buildSettings = {
				ASSETCATALOG_COMPILER_APPICON_NAME = AppIcon;
				ASSETCATALOG_COMPILER_GLOBAL_ACCENT_COLOR_NAME = AccentColor;
				CODE_SIGN_STYLE = Automatic;
				CURRENT_PROJECT_VERSION = 1;
				DEVELOPMENT_TEAM = ZAFK6J8VYM;
				GENERATE_INFOPLIST_FILE = YES;
				INFOPLIST_FILE = RickAndMorty/Info.plist;
				INFOPLIST_KEY_UIApplicationSupportsIndirectInputEvents = YES;
				INFOPLIST_KEY_UILaunchStoryboardName = LaunchScreen;
				INFOPLIST_KEY_UIMainStoryboardFile = Main;
				INFOPLIST_KEY_UISupportedInterfaceOrientations_iPad = "UIInterfaceOrientationPortrait UIInterfaceOrientationPortraitUpsideDown UIInterfaceOrientationLandscapeLeft UIInterfaceOrientationLandscapeRight";
				INFOPLIST_KEY_UISupportedInterfaceOrientations_iPhone = "UIInterfaceOrientationPortrait UIInterfaceOrientationLandscapeLeft UIInterfaceOrientationLandscapeRight";
				LD_RUNPATH_SEARCH_PATHS = (
					"$(inherited)",
					"@executable_path/Frameworks",
				);
				MARKETING_VERSION = 1.0;
				PRODUCT_BUNDLE_IDENTIFIER = com.mertpolat.RickAndMorty;
				PRODUCT_NAME = "$(TARGET_NAME)";
				SWIFT_EMIT_LOC_STRINGS = YES;
				SWIFT_VERSION = 5.0;
				TARGETED_DEVICE_FAMILY = "1,2";
			};
			name = Release;
		};
/* End XCBuildConfiguration section */

/* Begin XCConfigurationList section */
		4172D93E29B8799A0049DA46 /* Build configuration list for PBXProject "RickAndMorty" */ = {
			isa = XCConfigurationList;
			buildConfigurations = (
				4172D95529B8799B0049DA46 /* Debug */,
				4172D95629B8799B0049DA46 /* Release */,
			);
			defaultConfigurationIsVisible = 0;
			defaultConfigurationName = Release;
		};
		4172D95729B8799B0049DA46 /* Build configuration list for PBXNativeTarget "RickAndMorty" */ = {
			isa = XCConfigurationList;
			buildConfigurations = (
				4172D95829B8799B0049DA46 /* Debug */,
				4172D95929B8799B0049DA46 /* Release */,
			);
			defaultConfigurationIsVisible = 0;
			defaultConfigurationName = Release;
		};
/* End XCConfigurationList section */
	};
	rootObject = 4172D93B29B8799A0049DA46 /* Project object */;
}
